
Microsoft Visual Studio Solution File, Format Version 12.00
# Visual Studio Version 16
VisualStudioVersion = 16.0.31727.386
MinimumVisualStudioVersion = 10.0.40219.1
Project("{FAE04EC0-301F-11D3-BF4B-00C04F79EFBC}") = "Race_To_21_FinalVersion", "Race_To_21_FinalVersion\Race_To_21_FinalVersion.csproj", "{A576F416-7279-4B46-A824-2512E4486896}"
EndProject
Global
	GlobalSection(SolutionConfigurationPlatforms) = preSolution
		Debug|Any CPU = Debug|Any CPU
		Release|Any CPU = Release|Any CPU
	EndGlobalSection
	GlobalSection(ProjectConfigurationPlatforms) = postSolution
		{A576F416-7279-4B46-A824-2512E4486896}.Debug|Any CPU.ActiveCfg = Debug|Any CPU
		{A576F416-7279-4B46-A824-2512E4486896}.Debug|Any CPU.Build.0 = Debug|Any CPU
		{A576F416-7279-4B46-A824-2512E4486896}.Release|Any CPU.ActiveCfg = Release|Any CPU
		{A576F416-7279-4B46-A824-2512E4486896}.Release|Any CPU.Build.0 = Release|Any CPU
	EndGlobalSection
	GlobalSection(SolutionProperties) = preSolution
		HideSolutionNode = FALSE
	EndGlobalSection
	GlobalSection(ExtensibilityGlobals) = postSolution
		SolutionGuid = {DC0862E1-8D3E-44F0-BDBF-2244F4A41178}
	EndGlobalSection
EndGlobal
